
Microsoft Visual Studio Solution File, Format Version 12.00
# Visual Studio 14
VisualStudioVersion = 14.0.24720.0
MinimumVisualStudioVersion = 10.0.40219.1
Project("{FAE04EC0-301F-11D3-BF4B-00C04F79EFBC}") = "GreySMITH.Common", "Common\GreySMITH.Common.csproj", "{1F3B3D98-8618-45E1-8955-6DB266034938}"
EndProject
Project("{FAE04EC0-301F-11D3-BF4B-00C04F79EFBC}") = "GreySMITH.Revit.2014", "Autodesk\Revit\GreySMITH.Revit.2014\GreySMITH.Revit.2014.csproj", "{BB73121A-976D-4BEF-8D43-859C21D1B15A}"
EndProject
Project("{FAE04EC0-301F-11D3-BF4B-00C04F79EFBC}") = "GreySMITH.Revit.2015", "Autodesk\Revit\GreySMITH.Revit.2015\GreySMITH.Revit.2015.csproj", "{C5729470-3103-47A0-8E1B-172C6099C331}"
EndProject
Project("{FAE04EC0-301F-11D3-BF4B-00C04F79EFBC}") = "GreySMITH.Revit.2016", "Autodesk\Revit\GreySMITH.Revit.2016\GreySMITH.Revit.2016.csproj", "{D689B022-0EDE-48CA-8A9A-203D40CA12C8}"
EndProject
Project("{2150E333-8FDC-42A3-9474-1A3956D46DE8}") = ".nuget", ".nuget", "{EA41C795-669E-47F5-A5A0-E179B3834C3C}"
	ProjectSection(SolutionItems) = preProject
		.nuget\packages.config = .nuget\packages.config
	EndProjectSection
EndProject
Project("{FAE04EC0-301F-11D3-BF4B-00C04F79EFBC}") = "GreySMITH.Revit.Commands.Tests", "Autodesk\Revit\GreySMITH.Revit.Commands\Tests\GreySMITH.Revit.Commands.Tests\GreySMITH.Revit.Commands.Tests.csproj", "{973C5E8B-700C-4041-8911-25A3FFF2B72D}"
EndProject
Project("{FAE04EC0-301F-11D3-BF4B-00C04F79EFBC}") = "GreySMITH.Revit.AddInManager", "Autodesk\Revit\GreySMITH.Revit.AddInManager\GreySMITH.Revit.AddInManager.csproj", "{32E3E6DA-A15C-4A8F-B545-A055DE88BBEC}"
EndProject
Project("{D954291E-2A0B-460D-934E-DC6B0785DB48}") = "GreySMITH.Revit", "Autodesk\Revit\GreySMITH.Revit\GreySMITH.Revit.shproj", "{30E5A928-4B04-4167-A93B-1440609816CF}"
EndProject
Project("{FAE04EC0-301F-11D3-BF4B-00C04F79EFBC}") = "GreySMITH.Revit.Commands", "Autodesk\Revit\GreySMITH.Revit.Commands\Commands\GreySMITH.Revit.Commands.csproj", "{81E9DF04-155E-4C8A-8A69-47D44C1152F2}"
EndProject
Project("{FAE04EC0-301F-11D3-BF4B-00C04F79EFBC}") = "GreySMITH.AutoCAD", "Autodesk\AutoCAD\Commands\ProjectSetup\AST\GreySMITH.AutoCAD.csproj", "{56355E89-86E1-4D03-A01D-593750F735DA}"
EndProject
Project("{FAE04EC0-301F-11D3-BF4B-00C04F79EFBC}") = "GreySMITH.Core", "GreySMITH.Core\GreySMITH.Core.csproj", "{0F201F4A-CC44-4846-92CA-64D62C9FB5F1}"
EndProject
Project("{FAE04EC0-301F-11D3-BF4B-00C04F79EFBC}") = "GreySMITH.Domain", "GreySMITH.Domain\GreySMITH.Domain.csproj", "{36F4FD82-19CC-46CB-BA4A-6DAE5F06011B}"
EndProject
Global
	GlobalSection(SharedMSBuildProjectFiles) = preSolution
		Autodesk\Revit\GreySMITH.Revit\GreySMITH.Revit.projitems*{81e9df04-155e-4c8a-8a69-47d44c1152f2}*SharedItemsImports = 4
		Autodesk\Revit\GreySMITH.Revit\GreySMITH.Revit.projitems*{30e5a928-4b04-4167-a93b-1440609816cf}*SharedItemsImports = 13
	EndGlobalSection
	GlobalSection(SolutionConfigurationPlatforms) = preSolution
		Debug|Any CPU = Debug|Any CPU
		Release|Any CPU = Release|Any CPU
	EndGlobalSection
	GlobalSection(ProjectConfigurationPlatforms) = postSolution
		{1F3B3D98-8618-45E1-8955-6DB266034938}.Debug|Any CPU.ActiveCfg = Debug|Any CPU
		{1F3B3D98-8618-45E1-8955-6DB266034938}.Debug|Any CPU.Build.0 = Debug|Any CPU
		{1F3B3D98-8618-45E1-8955-6DB266034938}.Release|Any CPU.ActiveCfg = Release|Any CPU
		{1F3B3D98-8618-45E1-8955-6DB266034938}.Release|Any CPU.Build.0 = Release|Any CPU
		{BB73121A-976D-4BEF-8D43-859C21D1B15A}.Debug|Any CPU.ActiveCfg = Debug|Any CPU
		{BB73121A-976D-4BEF-8D43-859C21D1B15A}.Debug|Any CPU.Build.0 = Debug|Any CPU
		{BB73121A-976D-4BEF-8D43-859C21D1B15A}.Release|Any CPU.ActiveCfg = Release|Any CPU
		{BB73121A-976D-4BEF-8D43-859C21D1B15A}.Release|Any CPU.Build.0 = Release|Any CPU
		{C5729470-3103-47A0-8E1B-172C6099C331}.Debug|Any CPU.ActiveCfg = Debug|Any CPU
		{C5729470-3103-47A0-8E1B-172C6099C331}.Debug|Any CPU.Build.0 = Debug|Any CPU
		{C5729470-3103-47A0-8E1B-172C6099C331}.Release|Any CPU.ActiveCfg = Release|Any CPU
		{C5729470-3103-47A0-8E1B-172C6099C331}.Release|Any CPU.Build.0 = Release|Any CPU
		{D689B022-0EDE-48CA-8A9A-203D40CA12C8}.Debug|Any CPU.ActiveCfg = Debug|Any CPU
		{D689B022-0EDE-48CA-8A9A-203D40CA12C8}.Debug|Any CPU.Build.0 = Debug|Any CPU
		{D689B022-0EDE-48CA-8A9A-203D40CA12C8}.Release|Any CPU.ActiveCfg = Release|Any CPU
		{D689B022-0EDE-48CA-8A9A-203D40CA12C8}.Release|Any CPU.Build.0 = Release|Any CPU
		{973C5E8B-700C-4041-8911-25A3FFF2B72D}.Debug|Any CPU.ActiveCfg = Debug|Any CPU
		{973C5E8B-700C-4041-8911-25A3FFF2B72D}.Debug|Any CPU.Build.0 = Debug|Any CPU
		{973C5E8B-700C-4041-8911-25A3FFF2B72D}.Release|Any CPU.ActiveCfg = Release|Any CPU
		{973C5E8B-700C-4041-8911-25A3FFF2B72D}.Release|Any CPU.Build.0 = Release|Any CPU
		{32E3E6DA-A15C-4A8F-B545-A055DE88BBEC}.Debug|Any CPU.ActiveCfg = Debug|Any CPU
		{32E3E6DA-A15C-4A8F-B545-A055DE88BBEC}.Debug|Any CPU.Build.0 = Debug|Any CPU
		{32E3E6DA-A15C-4A8F-B545-A055DE88BBEC}.Release|Any CPU.ActiveCfg = Release|Any CPU
		{32E3E6DA-A15C-4A8F-B545-A055DE88BBEC}.Release|Any CPU.Build.0 = Release|Any CPU
		{81E9DF04-155E-4C8A-8A69-47D44C1152F2}.Debug|Any CPU.ActiveCfg = Debug|Any CPU
		{81E9DF04-155E-4C8A-8A69-47D44C1152F2}.Debug|Any CPU.Build.0 = Debug|Any CPU
		{81E9DF04-155E-4C8A-8A69-47D44C1152F2}.Release|Any CPU.ActiveCfg = Release|Any CPU
		{81E9DF04-155E-4C8A-8A69-47D44C1152F2}.Release|Any CPU.Build.0 = Release|Any CPU
		{56355E89-86E1-4D03-A01D-593750F735DA}.Debug|Any CPU.ActiveCfg = Debug|Any CPU
		{56355E89-86E1-4D03-A01D-593750F735DA}.Debug|Any CPU.Build.0 = Debug|Any CPU
		{56355E89-86E1-4D03-A01D-593750F735DA}.Release|Any CPU.ActiveCfg = Release|Any CPU
		{56355E89-86E1-4D03-A01D-593750F735DA}.Release|Any CPU.Build.0 = Release|Any CPU
		{0F201F4A-CC44-4846-92CA-64D62C9FB5F1}.Debug|Any CPU.ActiveCfg = Debug|Any CPU
		{0F201F4A-CC44-4846-92CA-64D62C9FB5F1}.Debug|Any CPU.Build.0 = Debug|Any CPU
		{0F201F4A-CC44-4846-92CA-64D62C9FB5F1}.Release|Any CPU.ActiveCfg = Release|Any CPU
		{0F201F4A-CC44-4846-92CA-64D62C9FB5F1}.Release|Any CPU.Build.0 = Release|Any CPU
		{36F4FD82-19CC-46CB-BA4A-6DAE5F06011B}.Debug|Any CPU.ActiveCfg = Debug|Any CPU
		{36F4FD82-19CC-46CB-BA4A-6DAE5F06011B}.Debug|Any CPU.Build.0 = Debug|Any CPU
		{36F4FD82-19CC-46CB-BA4A-6DAE5F06011B}.Release|Any CPU.ActiveCfg = Release|Any CPU
		{36F4FD82-19CC-46CB-BA4A-6DAE5F06011B}.Release|Any CPU.Build.0 = Release|Any CPU
	EndGlobalSection
	GlobalSection(SolutionProperties) = preSolution
		HideSolutionNode = FALSE
	EndGlobalSection
EndGlobal
